
Microsoft Visual Studio Solution File, Format Version 12.00
# Visual Studio 15
VisualStudioVersion = 15.0.28307.168
MinimumVisualStudioVersion = 10.0.40219.1
Project("{9A19103F-16F7-4668-BE54-9A1E7A4F7556}") = "SpaceTickets.Domain", "SpaceTickets.Domain\SpaceTickets.Domain.csproj", "{BFC7D3FC-F2ED-4672-B4B0-E73F9C0CE05D}"
EndProject
Project("{9A19103F-16F7-4668-BE54-9A1E7A4F7556}") = "SpaceTickets.Data", "SpaceTickets.Data\SpaceTickets.Data.csproj", "{B1C7C0C9-B8CA-4C05-A2BB-C9C7EF540D0D}"
EndProject
Project("{9A19103F-16F7-4668-BE54-9A1E7A4F7556}") = "SpaceTickets.Migration", "SpaceTickets.Migration\SpaceTickets.Migration.csproj", "{7E1AD5D0-6CA0-42E9-BFCB-2BD8AFD7A91D}"
EndProject
Project("{9A19103F-16F7-4668-BE54-9A1E7A4F7556}") = "SpaceTickets.Mvc", "SpaceTickets.Mvc\SpaceTickets.Mvc.csproj", "{E536E166-B8CB-4B96-A793-03A99CC40531}"
EndProject
Project("{9A19103F-16F7-4668-BE54-9A1E7A4F7556}") = "SpaceTickets.Test", "SpaceTickets.Test\SpaceTickets.Test.csproj", "{6F6EF691-CE5B-41BF-BC57-9D1466AD7B72}"
EndProject
Global
	GlobalSection(SolutionConfigurationPlatforms) = preSolution
		Debug|Any CPU = Debug|Any CPU
		Release|Any CPU = Release|Any CPU
	EndGlobalSection
	GlobalSection(ProjectConfigurationPlatforms) = postSolution
		{BFC7D3FC-F2ED-4672-B4B0-E73F9C0CE05D}.Debug|Any CPU.ActiveCfg = Debug|Any CPU
		{BFC7D3FC-F2ED-4672-B4B0-E73F9C0CE05D}.Debug|Any CPU.Build.0 = Debug|Any CPU
		{BFC7D3FC-F2ED-4672-B4B0-E73F9C0CE05D}.Release|Any CPU.ActiveCfg = Release|Any CPU
		{BFC7D3FC-F2ED-4672-B4B0-E73F9C0CE05D}.Release|Any CPU.Build.0 = Release|Any CPU
		{B1C7C0C9-B8CA-4C05-A2BB-C9C7EF540D0D}.Debug|Any CPU.ActiveCfg = Debug|Any CPU
		{B1C7C0C9-B8CA-4C05-A2BB-C9C7EF540D0D}.Debug|Any CPU.Build.0 = Debug|Any CPU
		{B1C7C0C9-B8CA-4C05-A2BB-C9C7EF540D0D}.Release|Any CPU.ActiveCfg = Release|Any CPU
		{B1C7C0C9-B8CA-4C05-A2BB-C9C7EF540D0D}.Release|Any CPU.Build.0 = Release|Any CPU
		{7E1AD5D0-6CA0-42E9-BFCB-2BD8AFD7A91D}.Debug|Any CPU.ActiveCfg = Debug|Any CPU
		{7E1AD5D0-6CA0-42E9-BFCB-2BD8AFD7A91D}.Debug|Any CPU.Build.0 = Debug|Any CPU
		{7E1AD5D0-6CA0-42E9-BFCB-2BD8AFD7A91D}.Release|Any CPU.ActiveCfg = Release|Any CPU
		{7E1AD5D0-6CA0-42E9-BFCB-2BD8AFD7A91D}.Release|Any CPU.Build.0 = Release|Any CPU
		{E536E166-B8CB-4B96-A793-03A99CC40531}.Debug|Any CPU.ActiveCfg = Debug|Any CPU
		{E536E166-B8CB-4B96-A793-03A99CC40531}.Debug|Any CPU.Build.0 = Debug|Any CPU
		{E536E166-B8CB-4B96-A793-03A99CC40531}.Release|Any CPU.ActiveCfg = Release|Any CPU
		{E536E166-B8CB-4B96-A793-03A99CC40531}.Release|Any CPU.Build.0 = Release|Any CPU
		{6F6EF691-CE5B-41BF-BC57-9D1466AD7B72}.Debug|Any CPU.ActiveCfg = Debug|Any CPU
		{6F6EF691-CE5B-41BF-BC57-9D1466AD7B72}.Debug|Any CPU.Build.0 = Debug|Any CPU
		{6F6EF691-CE5B-41BF-BC57-9D1466AD7B72}.Release|Any CPU.ActiveCfg = Release|Any CPU
		{6F6EF691-CE5B-41BF-BC57-9D1466AD7B72}.Release|Any CPU.Build.0 = Release|Any CPU
	EndGlobalSection
	GlobalSection(SolutionProperties) = preSolution
		HideSolutionNode = FALSE
	EndGlobalSection
	GlobalSection(ExtensibilityGlobals) = postSolution
		SolutionGuid = {B67DFD9A-0359-439C-A17E-87D80588CB74}
	EndGlobalSection
EndGlobal
